{
  "name": "sapie-frontend",
  "lockfileVersion": 3,
  "requires": true,
  "packages": {
    "": {
      "dependencies": {
        "braillify": "^1.0.2"
      }
    },
    "node_modules/braillify": {
      "version": "1.0.2",
      "resolved": "https://registry.npmjs.org/braillify/-/braillify-1.0.2.tgz",
      "integrity": "sha512-ukD0efec5S3qpS3Xx9+LelzyKG5tesTogMu2LgqbZHNXNtVAteu7etwR48Eld1VRi1S0QYHLHFNwUI94Fu8bYw==",
      "license": "Apache-2.0"
    }
  }
}
